// !$*UTF8*$!
{
	archiveVersion = 1;
	classes = {
	};
	objectVersion = 51;
	objects = {

/* Begin PBXBuildFile section */
		1E0099FF2646813B00D4B079 /* AppDelegate.swift in Sources */ = {isa = PBXBuildFile; fileRef = 1E0099FE2646813B00D4B079 /* AppDelegate.swift */; };
		1E009A012646813B00D4B079 /* SceneDelegate.swift in Sources */ = {isa = PBXBuildFile; fileRef = 1E009A002646813B00D4B079 /* SceneDelegate.swift */; };
		1E009A032646813B00D4B079 /* RecipesHomeViewController.swift in Sources */ = {isa = PBXBuildFile; fileRef = 1E009A022646813B00D4B079 /* RecipesHomeViewController.swift */; };
		1E009A062646813B00D4B079 /* Main.storyboard in Resources */ = {isa = PBXBuildFile; fileRef = 1E009A042646813B00D4B079 /* Main.storyboard */; };
		1E009A0B2646813C00D4B079 /* Assets.xcassets in Resources */ = {isa = PBXBuildFile; fileRef = 1E009A0A2646813C00D4B079 /* Assets.xcassets */; };
		1E009A0E2646813C00D4B079 /* LaunchScreen.storyboard in Resources */ = {isa = PBXBuildFile; fileRef = 1E009A0C2646813C00D4B079 /* LaunchScreen.storyboard */; };
		1E009A242646813D00D4B079 /* iOS_GreenRecipesUITests.swift in Sources */ = {isa = PBXBuildFile; fileRef = 1E009A232646813D00D4B079 /* iOS_GreenRecipesUITests.swift */; };
		1E009A3A264682BB00D4B079 /* RecipesClient.swift in Sources */ = {isa = PBXBuildFile; fileRef = 1E009A39264682BB00D4B079 /* RecipesClient.swift */; };
		1E009A3B264682BB00D4B079 /* RecipesClient.swift in Sources */ = {isa = PBXBuildFile; fileRef = 1E009A39264682BB00D4B079 /* RecipesClient.swift */; };
		1E009A3C264682BB00D4B079 /* RecipesClient.swift in Sources */ = {isa = PBXBuildFile; fileRef = 1E009A39264682BB00D4B079 /* RecipesClient.swift */; };
		1E009A3E264684F400D4B079 /* RecipeData.swift in Sources */ = {isa = PBXBuildFile; fileRef = 1E009A3D264684F400D4B079 /* RecipeData.swift */; };
		1E009A3F264684F400D4B079 /* RecipeData.swift in Sources */ = {isa = PBXBuildFile; fileRef = 1E009A3D264684F400D4B079 /* RecipeData.swift */; };
		1E009A40264684F400D4B079 /* RecipeData.swift in Sources */ = {isa = PBXBuildFile; fileRef = 1E009A3D264684F400D4B079 /* RecipeData.swift */; };
		1E009A422646875D00D4B079 /* IngredientData.swift in Sources */ = {isa = PBXBuildFile; fileRef = 1E009A412646875D00D4B079 /* IngredientData.swift */; };
		1E009A432646875D00D4B079 /* IngredientData.swift in Sources */ = {isa = PBXBuildFile; fileRef = 1E009A412646875D00D4B079 /* IngredientData.swift */; };
		1E009A442646875D00D4B079 /* IngredientData.swift in Sources */ = {isa = PBXBuildFile; fileRef = 1E009A412646875D00D4B079 /* IngredientData.swift */; };
		1E009A4626468C0400D4B079 /* InstructionData.swift in Sources */ = {isa = PBXBuildFile; fileRef = 1E009A4526468C0400D4B079 /* InstructionData.swift */; };
		1E009A4726468C0400D4B079 /* InstructionData.swift in Sources */ = {isa = PBXBuildFile; fileRef = 1E009A4526468C0400D4B079 /* InstructionData.swift */; };
		1E009A4826468C0400D4B079 /* InstructionData.swift in Sources */ = {isa = PBXBuildFile; fileRef = 1E009A4526468C0400D4B079 /* InstructionData.swift */; };
		1E009A4A26468FD100D4B079 /* URL+Extension.swift in Sources */ = {isa = PBXBuildFile; fileRef = 1E009A4926468FD000D4B079 /* URL+Extension.swift */; };
		1E009A4B26468FD100D4B079 /* URL+Extension.swift in Sources */ = {isa = PBXBuildFile; fileRef = 1E009A4926468FD000D4B079 /* URL+Extension.swift */; };
		1E009A4C26468FD100D4B079 /* URL+Extension.swift in Sources */ = {isa = PBXBuildFile; fileRef = 1E009A4926468FD000D4B079 /* URL+Extension.swift */; };
		1E009A4E2646914700D4B079 /* RecipesData.swift in Sources */ = {isa = PBXBuildFile; fileRef = 1E009A4D2646914700D4B079 /* RecipesData.swift */; };
		1E009A502646914700D4B079 /* RecipesData.swift in Sources */ = {isa = PBXBuildFile; fileRef = 1E009A4D2646914700D4B079 /* RecipesData.swift */; };
		1E009A52264692B500D4B079 /* RecipesResponseTest.swift in Sources */ = {isa = PBXBuildFile; fileRef = 1E009A51264692B500D4B079 /* RecipesResponseTest.swift */; };
		1E009A562646A4DB00D4B079 /* RecipesRandomSearchResponseWithNullValues.json in Resources */ = {isa = PBXBuildFile; fileRef = 1E009A532646999B00D4B079 /* RecipesRandomSearchResponseWithNullValues.json */; };
		1E1266B72658067F006EF882 /* UIColor+Extension.swift in Sources */ = {isa = PBXBuildFile; fileRef = 1E1266B62658067F006EF882 /* UIColor+Extension.swift */; };
		1E1266BA265835C0006EF882 /* RecipeNutritionResponse.json in Resources */ = {isa = PBXBuildFile; fileRef = 1E1266B9265835C0006EF882 /* RecipeNutritionResponse.json */; };
		1E1266BB265835C0006EF882 /* RecipeNutritionResponse.json in Resources */ = {isa = PBXBuildFile; fileRef = 1E1266B9265835C0006EF882 /* RecipeNutritionResponse.json */; };
		1E1266BC265835C0006EF882 /* RecipeNutritionResponse.json in Resources */ = {isa = PBXBuildFile; fileRef = 1E1266B9265835C0006EF882 /* RecipeNutritionResponse.json */; };
		1E1266BF26585034006EF882 /* UIViewController+Extension.swift in Sources */ = {isa = PBXBuildFile; fileRef = 1E1266BE26585034006EF882 /* UIViewController+Extension.swift */; };
		1E1266C026585034006EF882 /* UIViewController+Extension.swift in Sources */ = {isa = PBXBuildFile; fileRef = 1E1266BE26585034006EF882 /* UIViewController+Extension.swift */; };
		1E1266C1265852E8006EF882 /* UIColor+Extension.swift in Sources */ = {isa = PBXBuildFile; fileRef = 1E1266B62658067F006EF882 /* UIColor+Extension.swift */; };
		1E2BD363264D1C73000BD059 /* DataController.swift in Sources */ = {isa = PBXBuildFile; fileRef = 1E2BD362264D1C73000BD059 /* DataController.swift */; };
		1E2BD366264D1E9F000BD059 /* GreenRecipes.xcdatamodeld in Sources */ = {isa = PBXBuildFile; fileRef = 1E2BD364264D1E9F000BD059 /* GreenRecipes.xcdatamodeld */; };
		1E2BD368264D2807000BD059 /* NutritionData.swift in Sources */ = {isa = PBXBuildFile; fileRef = 1E2BD367264D2807000BD059 /* NutritionData.swift */; };
		1E2BD369264D2807000BD059 /* NutritionData.swift in Sources */ = {isa = PBXBuildFile; fileRef = 1E2BD367264D2807000BD059 /* NutritionData.swift */; };
		1E2BD36A264D2807000BD059 /* NutritionData.swift in Sources */ = {isa = PBXBuildFile; fileRef = 1E2BD367264D2807000BD059 /* NutritionData.swift */; };
		1E2BD374264DB185000BD059 /* RecipeWithDetailViewCell.swift in Sources */ = {isa = PBXBuildFile; fileRef = 1E2BD373264DB185000BD059 /* RecipeWithDetailViewCell.swift */; };
		1E2BD375264DB185000BD059 /* RecipeWithDetailViewCell.swift in Sources */ = {isa = PBXBuildFile; fileRef = 1E2BD373264DB185000BD059 /* RecipeWithDetailViewCell.swift */; };
		1E2BD376264DB185000BD059 /* RecipeWithDetailViewCell.swift in Sources */ = {isa = PBXBuildFile; fileRef = 1E2BD373264DB185000BD059 /* RecipeWithDetailViewCell.swift */; };
		1E2BD377264DCF0E000BD059 /* RecipesRandomSearchResponseWithNullValues.json in Resources */ = {isa = PBXBuildFile; fileRef = 1E009A532646999B00D4B079 /* RecipesRandomSearchResponseWithNullValues.json */; };
		1E2BD378264DD29A000BD059 /* RecipesRandomSearchResponse.json in Resources */ = {isa = PBXBuildFile; fileRef = 1EA62C9F2646C2A900706D3C /* RecipesRandomSearchResponse.json */; };
		1E2BD379264DD2A0000BD059 /* RecipesRandomSearchResponseWithoutImage.json in Resources */ = {isa = PBXBuildFile; fileRef = 1EA62CA42646DFAF00706D3C /* RecipesRandomSearchResponseWithoutImage.json */; };
		1E2BD37A264DD332000BD059 /* Assets.xcassets in Resources */ = {isa = PBXBuildFile; fileRef = 1E009A0A2646813C00D4B079 /* Assets.xcassets */; };
		1E2BD37B264DD333000BD059 /* Assets.xcassets in Resources */ = {isa = PBXBuildFile; fileRef = 1E009A0A2646813C00D4B079 /* Assets.xcassets */; };
		1E2BD37D264E77B5000BD059 /* RecipesSectionTitleView.swift in Sources */ = {isa = PBXBuildFile; fileRef = 1E2BD37C264E77B5000BD059 /* RecipesSectionTitleView.swift */; };
		1E2BD37E264E77B5000BD059 /* RecipesSectionTitleView.swift in Sources */ = {isa = PBXBuildFile; fileRef = 1E2BD37C264E77B5000BD059 /* RecipesSectionTitleView.swift */; };
		1E2BD37F264E77B5000BD059 /* RecipesSectionTitleView.swift in Sources */ = {isa = PBXBuildFile; fileRef = 1E2BD37C264E77B5000BD059 /* RecipesSectionTitleView.swift */; };
		1E2BD381264E9C10000BD059 /* RecipesSectionBackgroundDecorationView.swift in Sources */ = {isa = PBXBuildFile; fileRef = 1E2BD380264E9C10000BD059 /* RecipesSectionBackgroundDecorationView.swift */; };
		1E2BD382264E9C10000BD059 /* RecipesSectionBackgroundDecorationView.swift in Sources */ = {isa = PBXBuildFile; fileRef = 1E2BD380264E9C10000BD059 /* RecipesSectionBackgroundDecorationView.swift */; };
		1E2BD383264E9C10000BD059 /* RecipesSectionBackgroundDecorationView.swift in Sources */ = {isa = PBXBuildFile; fileRef = 1E2BD380264E9C10000BD059 /* RecipesSectionBackgroundDecorationView.swift */; };
		1E2BD385264F170B000BD059 /* RecipesSearchResponse.json in Resources */ = {isa = PBXBuildFile; fileRef = 1E2BD384264F16F5000BD059 /* RecipesSearchResponse.json */; };
		1E2BD386264F170B000BD059 /* RecipesSearchResponse.json in Resources */ = {isa = PBXBuildFile; fileRef = 1E2BD384264F16F5000BD059 /* RecipesSearchResponse.json */; };
		1E2BD387264F170C000BD059 /* RecipesSearchResponse.json in Resources */ = {isa = PBXBuildFile; fileRef = 1E2BD384264F16F5000BD059 /* RecipesSearchResponse.json */; };
		1E2BD389264FD3C1000BD059 /* RecipesSearchResponseHummus.json in Resources */ = {isa = PBXBuildFile; fileRef = 1E2BD388264FD3C1000BD059 /* RecipesSearchResponseHummus.json */; };
		1E2BD38A264FD3C1000BD059 /* RecipesSearchResponseHummus.json in Resources */ = {isa = PBXBuildFile; fileRef = 1E2BD388264FD3C1000BD059 /* RecipesSearchResponseHummus.json */; };
		1E2BD38B264FD3C1000BD059 /* RecipesSearchResponseHummus.json in Resources */ = {isa = PBXBuildFile; fileRef = 1E2BD388264FD3C1000BD059 /* RecipesSearchResponseHummus.json */; };
		1E2BD38D264FD4A9000BD059 /* RecipesSearchResponseDessert.json in Resources */ = {isa = PBXBuildFile; fileRef = 1E2BD38C264FD4A9000BD059 /* RecipesSearchResponseDessert.json */; };
		1E2BD38E264FD4A9000BD059 /* RecipesSearchResponseDessert.json in Resources */ = {isa = PBXBuildFile; fileRef = 1E2BD38C264FD4A9000BD059 /* RecipesSearchResponseDessert.json */; };
		1E2BD38F264FD4A9000BD059 /* RecipesSearchResponseDessert.json in Resources */ = {isa = PBXBuildFile; fileRef = 1E2BD38C264FD4A9000BD059 /* RecipesSearchResponseDessert.json */; };
		1E2BD391264FD7E1000BD059 /* RecipesSearchResponseMainCourse.json in Resources */ = {isa = PBXBuildFile; fileRef = 1E2BD390264FD7E1000BD059 /* RecipesSearchResponseMainCourse.json */; };
		1E2BD392264FD7E1000BD059 /* RecipesSearchResponseMainCourse.json in Resources */ = {isa = PBXBuildFile; fileRef = 1E2BD390264FD7E1000BD059 /* RecipesSearchResponseMainCourse.json */; };
		1E2BD393264FD7E1000BD059 /* RecipesSearchResponseMainCourse.json in Resources */ = {isa = PBXBuildFile; fileRef = 1E2BD390264FD7E1000BD059 /* RecipesSearchResponseMainCourse.json */; };
		1E2BD395264FD8F1000BD059 /* RecipesSearchResponseBreakfast.json in Resources */ = {isa = PBXBuildFile; fileRef = 1E2BD394264FD8F1000BD059 /* RecipesSearchResponseBreakfast.json */; };
		1E2BD396264FD8F1000BD059 /* RecipesSearchResponseBreakfast.json in Resources */ = {isa = PBXBuildFile; fileRef = 1E2BD394264FD8F1000BD059 /* RecipesSearchResponseBreakfast.json */; };
		1E2BD397264FD8F1000BD059 /* RecipesSearchResponseBreakfast.json in Resources */ = {isa = PBXBuildFile; fileRef = 1E2BD394264FD8F1000BD059 /* RecipesSearchResponseBreakfast.json */; };
		1E4FBAB8265054C90033FA6D /* RecipeWithTitleViewCell.swift in Sources */ = {isa = PBXBuildFile; fileRef = 1E4FBAB7265054C90033FA6D /* RecipeWithTitleViewCell.swift */; };
		1E4FBAB9265054C90033FA6D /* RecipeWithTitleViewCell.swift in Sources */ = {isa = PBXBuildFile; fileRef = 1E4FBAB7265054C90033FA6D /* RecipeWithTitleViewCell.swift */; };
		1E4FBABA265054C90033FA6D /* RecipeWithTitleViewCell.swift in Sources */ = {isa = PBXBuildFile; fileRef = 1E4FBAB7265054C90033FA6D /* RecipeWithTitleViewCell.swift */; };
		1E4FBABC265063730033FA6D /* IngredientsInformation.json in Resources */ = {isa = PBXBuildFile; fileRef = 1E4FBABB265063730033FA6D /* IngredientsInformation.json */; };
		1E4FBABD265063730033FA6D /* IngredientsInformation.json in Resources */ = {isa = PBXBuildFile; fileRef = 1E4FBABB265063730033FA6D /* IngredientsInformation.json */; };
		1E4FBABE265063730033FA6D /* IngredientsInformation.json in Resources */ = {isa = PBXBuildFile; fileRef = 1E4FBABB265063730033FA6D /* IngredientsInformation.json */; };
		1E4FBAC026506ABB0033FA6D /* IngredientsInformation.swift in Sources */ = {isa = PBXBuildFile; fileRef = 1E4FBABF26506ABB0033FA6D /* IngredientsInformation.swift */; };
		1E4FBAC126506ABB0033FA6D /* IngredientsInformation.swift in Sources */ = {isa = PBXBuildFile; fileRef = 1E4FBABF26506ABB0033FA6D /* IngredientsInformation.swift */; };
		1E4FBAC226506ABB0033FA6D /* IngredientsInformation.swift in Sources */ = {isa = PBXBuildFile; fileRef = 1E4FBABF26506ABB0033FA6D /* IngredientsInformation.swift */; };
		1E8216772651B74700DE0F9A /* RecipeDetailViewController.swift in Sources */ = {isa = PBXBuildFile; fileRef = 1E8216762651B74700DE0F9A /* RecipeDetailViewController.swift */; };
		1E894999264D1AFE00EC0A22 /* RecipesData.swift in Sources */ = {isa = PBXBuildFile; fileRef = 1E009A4D2646914700D4B079 /* RecipesData.swift */; };
		1EA62C9E2646C0E100706D3C /* XCTestCase+Extension.swift in Sources */ = {isa = PBXBuildFile; fileRef = 1EA62C9D2646C0E100706D3C /* XCTestCase+Extension.swift */; };
		1EA62CA12646C3A200706D3C /* RecipesRandomSearchResponse.json in Resources */ = {isa = PBXBuildFile; fileRef = 1EA62C9F2646C2A900706D3C /* RecipesRandomSearchResponse.json */; };
		1EA62CA32646C42D00706D3C /* RecipesClientTests.swift in Sources */ = {isa = PBXBuildFile; fileRef = 1EA62CA22646C42D00706D3C /* RecipesClientTests.swift */; };
		1EA62CA52646DFAF00706D3C /* RecipesRandomSearchResponseWithoutImage.json in Resources */ = {isa = PBXBuildFile; fileRef = 1EA62CA42646DFAF00706D3C /* RecipesRandomSearchResponseWithoutImage.json */; };
		1EB63EF426599FC70081E691 /* RecipeDetailViewController+Extension.swift in Sources */ = {isa = PBXBuildFile; fileRef = 1EB63EF326599FC70081E691 /* RecipeDetailViewController+Extension.swift */; };
		1EB63EF72659AA830081E691 /* RecipesSearchViewController.swift in Sources */ = {isa = PBXBuildFile; fileRef = 1EB63EF62659AA830081E691 /* RecipesSearchViewController.swift */; };
		E1AD412C56C1E040F300A0C3 /* Pods_iOS_GreenRecipes.framework in Frameworks */ = {isa = PBXBuildFile; fileRef = AA783C469C9CF2342BF88F0B /* Pods_iOS_GreenRecipes.framework */; };
/* End PBXBuildFile section */

/* Begin PBXContainerItemProxy section */
		1E009A152646813D00D4B079 /* PBXContainerItemProxy */ = {
			isa = PBXContainerItemProxy;
			containerPortal = 1E0099F32646813B00D4B079 /* Project object */;
			proxyType = 1;
			remoteGlobalIDString = 1E0099FA2646813B00D4B079;
			remoteInfo = "iOS-GreenRecipes";
		};
		1E009A202646813D00D4B079 /* PBXContainerItemProxy */ = {
			isa = PBXContainerItemProxy;
			containerPortal = 1E0099F32646813B00D4B079 /* Project object */;
			proxyType = 1;
			remoteGlobalIDString = 1E0099FA2646813B00D4B079;
			remoteInfo = "iOS-GreenRecipes";
		};
/* End PBXContainerItemProxy section */

/* Begin PBXFileReference section */
		02AA80CF6646792D1F13DB1D /* Pods-iOS-GreenRecipes.debug.xcconfig */ = {isa = PBXFileReference; includeInIndex = 1; lastKnownFileType = text.xcconfig; name = "Pods-iOS-GreenRecipes.debug.xcconfig"; path = "Target Support Files/Pods-iOS-GreenRecipes/Pods-iOS-GreenRecipes.debug.xcconfig"; sourceTree = "<group>"; };
		1E0099FB2646813B00D4B079 /* iOS-GreenRecipes.app */ = {isa = PBXFileReference; explicitFileType = wrapper.application; includeInIndex = 0; path = "iOS-GreenRecipes.app"; sourceTree = BUILT_PRODUCTS_DIR; };
		1E0099FE2646813B00D4B079 /* AppDelegate.swift */ = {isa = PBXFileReference; lastKnownFileType = sourcecode.swift; path = AppDelegate.swift; sourceTree = "<group>"; };
		1E009A002646813B00D4B079 /* SceneDelegate.swift */ = {isa = PBXFileReference; lastKnownFileType = sourcecode.swift; path = SceneDelegate.swift; sourceTree = "<group>"; };
		1E009A022646813B00D4B079 /* RecipesHomeViewController.swift */ = {isa = PBXFileReference; lastKnownFileType = sourcecode.swift; path = RecipesHomeViewController.swift; sourceTree = "<group>"; };
		1E009A052646813B00D4B079 /* Base */ = {isa = PBXFileReference; lastKnownFileType = file.storyboard; name = Base; path = Base.lproj/Main.storyboard; sourceTree = "<group>"; };
		1E009A0A2646813C00D4B079 /* Assets.xcassets */ = {isa = PBXFileReference; lastKnownFileType = folder.assetcatalog; path = Assets.xcassets; sourceTree = "<group>"; };
		1E009A0D2646813C00D4B079 /* Base */ = {isa = PBXFileReference; lastKnownFileType = file.storyboard; name = Base; path = Base.lproj/LaunchScreen.storyboard; sourceTree = "<group>"; };
		1E009A0F2646813C00D4B079 /* Info.plist */ = {isa = PBXFileReference; lastKnownFileType = text.plist.xml; path = Info.plist; sourceTree = "<group>"; };
		1E009A142646813D00D4B079 /* iOS-GreenRecipesTests.xctest */ = {isa = PBXFileReference; explicitFileType = wrapper.cfbundle; includeInIndex = 0; path = "iOS-GreenRecipesTests.xctest"; sourceTree = BUILT_PRODUCTS_DIR; };
		1E009A1A2646813D00D4B079 /* Info.plist */ = {isa = PBXFileReference; lastKnownFileType = text.plist.xml; path = Info.plist; sourceTree = "<group>"; };
		1E009A1F2646813D00D4B079 /* iOS-GreenRecipesUITests.xctest */ = {isa = PBXFileReference; explicitFileType = wrapper.cfbundle; includeInIndex = 0; path = "iOS-GreenRecipesUITests.xctest"; sourceTree = BUILT_PRODUCTS_DIR; };
		1E009A232646813D00D4B079 /* iOS_GreenRecipesUITests.swift */ = {isa = PBXFileReference; lastKnownFileType = sourcecode.swift; path = iOS_GreenRecipesUITests.swift; sourceTree = "<group>"; };
		1E009A252646813D00D4B079 /* Info.plist */ = {isa = PBXFileReference; lastKnownFileType = text.plist.xml; path = Info.plist; sourceTree = "<group>"; };
		1E009A39264682BB00D4B079 /* RecipesClient.swift */ = {isa = PBXFileReference; lastKnownFileType = sourcecode.swift; path = RecipesClient.swift; sourceTree = "<group>"; };
		1E009A3D264684F400D4B079 /* RecipeData.swift */ = {isa = PBXFileReference; lastKnownFileType = sourcecode.swift; path = RecipeData.swift; sourceTree = "<group>"; };
		1E009A412646875D00D4B079 /* IngredientData.swift */ = {isa = PBXFileReference; lastKnownFileType = sourcecode.swift; path = IngredientData.swift; sourceTree = "<group>"; };
		1E009A4526468C0400D4B079 /* InstructionData.swift */ = {isa = PBXFileReference; lastKnownFileType = sourcecode.swift; path = InstructionData.swift; sourceTree = "<group>"; };
		1E009A4926468FD000D4B079 /* URL+Extension.swift */ = {isa = PBXFileReference; lastKnownFileType = sourcecode.swift; path = "URL+Extension.swift"; sourceTree = "<group>"; };
		1E009A4D2646914700D4B079 /* RecipesData.swift */ = {isa = PBXFileReference; lastKnownFileType = sourcecode.swift; path = RecipesData.swift; sourceTree = "<group>"; };
		1E009A51264692B500D4B079 /* RecipesResponseTest.swift */ = {isa = PBXFileReference; lastKnownFileType = sourcecode.swift; path = RecipesResponseTest.swift; sourceTree = "<group>"; };
		1E009A532646999B00D4B079 /* RecipesRandomSearchResponseWithNullValues.json */ = {isa = PBXFileReference; lastKnownFileType = text.json; path = RecipesRandomSearchResponseWithNullValues.json; sourceTree = "<group>"; };
		1E1266B62658067F006EF882 /* UIColor+Extension.swift */ = {isa = PBXFileReference; lastKnownFileType = sourcecode.swift; path = "UIColor+Extension.swift"; sourceTree = "<group>"; };
		1E1266B9265835C0006EF882 /* RecipeNutritionResponse.json */ = {isa = PBXFileReference; lastKnownFileType = text.json; path = RecipeNutritionResponse.json; sourceTree = "<group>"; };
		1E1266BE26585034006EF882 /* UIViewController+Extension.swift */ = {isa = PBXFileReference; lastKnownFileType = sourcecode.swift; path = "UIViewController+Extension.swift"; sourceTree = "<group>"; };
		1E2BD362264D1C73000BD059 /* DataController.swift */ = {isa = PBXFileReference; lastKnownFileType = sourcecode.swift; path = DataController.swift; sourceTree = "<group>"; };
		1E2BD365264D1E9F000BD059 /* GreenRecipes.xcdatamodel */ = {isa = PBXFileReference; lastKnownFileType = wrapper.xcdatamodel; path = GreenRecipes.xcdatamodel; sourceTree = "<group>"; };
		1E2BD367264D2807000BD059 /* NutritionData.swift */ = {isa = PBXFileReference; lastKnownFileType = sourcecode.swift; path = NutritionData.swift; sourceTree = "<group>"; };
		1E2BD373264DB185000BD059 /* RecipeWithDetailViewCell.swift */ = {isa = PBXFileReference; lastKnownFileType = sourcecode.swift; path = RecipeWithDetailViewCell.swift; sourceTree = "<group>"; };
		1E2BD37C264E77B5000BD059 /* RecipesSectionTitleView.swift */ = {isa = PBXFileReference; lastKnownFileType = sourcecode.swift; path = RecipesSectionTitleView.swift; sourceTree = "<group>"; };
		1E2BD380264E9C10000BD059 /* RecipesSectionBackgroundDecorationView.swift */ = {isa = PBXFileReference; lastKnownFileType = sourcecode.swift; path = RecipesSectionBackgroundDecorationView.swift; sourceTree = "<group>"; };
		1E2BD384264F16F5000BD059 /* RecipesSearchResponse.json */ = {isa = PBXFileReference; lastKnownFileType = text.json; path = RecipesSearchResponse.json; sourceTree = "<group>"; };
		1E2BD388264FD3C1000BD059 /* RecipesSearchResponseHummus.json */ = {isa = PBXFileReference; lastKnownFileType = text.json; path = RecipesSearchResponseHummus.json; sourceTree = "<group>"; };
		1E2BD38C264FD4A9000BD059 /* RecipesSearchResponseDessert.json */ = {isa = PBXFileReference; lastKnownFileType = text.json; path = RecipesSearchResponseDessert.json; sourceTree = "<group>"; };
		1E2BD390264FD7E1000BD059 /* RecipesSearchResponseMainCourse.json */ = {isa = PBXFileReference; lastKnownFileType = text.json; path = RecipesSearchResponseMainCourse.json; sourceTree = "<group>"; };
		1E2BD394264FD8F1000BD059 /* RecipesSearchResponseBreakfast.json */ = {isa = PBXFileReference; lastKnownFileType = text.json; path = RecipesSearchResponseBreakfast.json; sourceTree = "<group>"; };
		1E4FBAB7265054C90033FA6D /* RecipeWithTitleViewCell.swift */ = {isa = PBXFileReference; lastKnownFileType = sourcecode.swift; path = RecipeWithTitleViewCell.swift; sourceTree = "<group>"; };
		1E4FBABB265063730033FA6D /* IngredientsInformation.json */ = {isa = PBXFileReference; lastKnownFileType = text.json; path = IngredientsInformation.json; sourceTree = "<group>"; };
		1E4FBABF26506ABB0033FA6D /* IngredientsInformation.swift */ = {isa = PBXFileReference; lastKnownFileType = sourcecode.swift; path = IngredientsInformation.swift; sourceTree = "<group>"; };
		1E8216762651B74700DE0F9A /* RecipeDetailViewController.swift */ = {isa = PBXFileReference; lastKnownFileType = sourcecode.swift; path = RecipeDetailViewController.swift; sourceTree = "<group>"; };
		1EA62C9D2646C0E100706D3C /* XCTestCase+Extension.swift */ = {isa = PBXFileReference; lastKnownFileType = sourcecode.swift; path = "XCTestCase+Extension.swift"; sourceTree = "<group>"; };
		1EA62C9F2646C2A900706D3C /* RecipesRandomSearchResponse.json */ = {isa = PBXFileReference; lastKnownFileType = text.json; path = RecipesRandomSearchResponse.json; sourceTree = "<group>"; };
		1EA62CA22646C42D00706D3C /* RecipesClientTests.swift */ = {isa = PBXFileReference; lastKnownFileType = sourcecode.swift; path = RecipesClientTests.swift; sourceTree = "<group>"; };
		1EA62CA42646DFAF00706D3C /* RecipesRandomSearchResponseWithoutImage.json */ = {isa = PBXFileReference; lastKnownFileType = text.json; path = RecipesRandomSearchResponseWithoutImage.json; sourceTree = "<group>"; };
		1EB63EF326599FC70081E691 /* RecipeDetailViewController+Extension.swift */ = {isa = PBXFileReference; lastKnownFileType = sourcecode.swift; path = "RecipeDetailViewController+Extension.swift"; sourceTree = "<group>"; };
		1EB63EF62659AA830081E691 /* RecipesSearchViewController.swift */ = {isa = PBXFileReference; lastKnownFileType = sourcecode.swift; path = RecipesSearchViewController.swift; sourceTree = "<group>"; };
		3953F7CCA51EC0BC0E0DF5B4 /* Pods-iOS-GreenRecipes.release.xcconfig */ = {isa = PBXFileReference; includeInIndex = 1; lastKnownFileType = text.xcconfig; name = "Pods-iOS-GreenRecipes.release.xcconfig"; path = "Target Support Files/Pods-iOS-GreenRecipes/Pods-iOS-GreenRecipes.release.xcconfig"; sourceTree = "<group>"; };
		AA783C469C9CF2342BF88F0B /* Pods_iOS_GreenRecipes.framework */ = {isa = PBXFileReference; explicitFileType = wrapper.framework; includeInIndex = 0; path = Pods_iOS_GreenRecipes.framework; sourceTree = BUILT_PRODUCTS_DIR; };
/* End PBXFileReference section */

/* Begin PBXFrameworksBuildPhase section */
		1E0099F82646813B00D4B079 /* Frameworks */ = {
			isa = PBXFrameworksBuildPhase;
			buildActionMask = 2147483647;
			files = (
				E1AD412C56C1E040F300A0C3 /* Pods_iOS_GreenRecipes.framework in Frameworks */,
			);
			runOnlyForDeploymentPostprocessing = 0;
		};
		1E009A112646813D00D4B079 /* Frameworks */ = {
			isa = PBXFrameworksBuildPhase;
			buildActionMask = 2147483647;
			files = (
			);
			runOnlyForDeploymentPostprocessing = 0;
		};
		1E009A1C2646813D00D4B079 /* Frameworks */ = {
			isa = PBXFrameworksBuildPhase;
			buildActionMask = 2147483647;
			files = (
			);
			runOnlyForDeploymentPostprocessing = 0;
		};
/* End PBXFrameworksBuildPhase section */

/* Begin PBXGroup section */
		1E0099F22646813B00D4B079 = {
			isa = PBXGroup;
			children = (
				1E0099FD2646813B00D4B079 /* iOS-GreenRecipes */,
				1E009A172646813D00D4B079 /* iOS-GreenRecipesTests */,
				1E009A222646813D00D4B079 /* iOS-GreenRecipesUITests */,
				1E0099FC2646813B00D4B079 /* Products */,
				6BED6AF8A073A60BA0920FFA /* Pods */,
				A94454129C7C7262680740EC /* Frameworks */,
			);
			sourceTree = "<group>";
		};
		1E0099FC2646813B00D4B079 /* Products */ = {
			isa = PBXGroup;
			children = (
				1E0099FB2646813B00D4B079 /* iOS-GreenRecipes.app */,
				1E009A142646813D00D4B079 /* iOS-GreenRecipesTests.xctest */,
				1E009A1F2646813D00D4B079 /* iOS-GreenRecipesUITests.xctest */,
			);
			name = Products;
			sourceTree = "<group>";
		};
		1E0099FD2646813B00D4B079 /* iOS-GreenRecipes */ = {
			isa = PBXGroup;
			children = (
				1E009A35264681B100D4B079 /* View Controllers */,
				1E009A34264681A900D4B079 /* Storyboard */,
				1E009A332646819F00D4B079 /* Assests */,
				1E009A322646819500D4B079 /* Model */,
				1E0099FE2646813B00D4B079 /* AppDelegate.swift */,
				1E009A002646813B00D4B079 /* SceneDelegate.swift */,
				1E009A0F2646813C00D4B079 /* Info.plist */,
			);
			path = "iOS-GreenRecipes";
			sourceTree = "<group>";
		};
		1E009A172646813D00D4B079 /* iOS-GreenRecipesTests */ = {
			isa = PBXGroup;
			children = (
				1E009A542646A14100D4B079 /* Stubs */,
				1E009A1A2646813D00D4B079 /* Info.plist */,
				1E009A51264692B500D4B079 /* RecipesResponseTest.swift */,
				1EA62C9D2646C0E100706D3C /* XCTestCase+Extension.swift */,
				1EA62CA22646C42D00706D3C /* RecipesClientTests.swift */,
			);
			path = "iOS-GreenRecipesTests";
			sourceTree = "<group>";
		};
		1E009A222646813D00D4B079 /* iOS-GreenRecipesUITests */ = {
			isa = PBXGroup;
			children = (
				1E009A232646813D00D4B079 /* iOS_GreenRecipesUITests.swift */,
				1E009A252646813D00D4B079 /* Info.plist */,
			);
			path = "iOS-GreenRecipesUITests";
			sourceTree = "<group>";
		};
		1E009A322646819500D4B079 /* Model */ = {
			isa = PBXGroup;
			children = (
				1E009A362646827300D4B079 /* RecipesAPI */,
			);
			path = Model;
			sourceTree = "<group>";
		};
		1E009A332646819F00D4B079 /* Assests */ = {
			isa = PBXGroup;
			children = (
				1E009A0A2646813C00D4B079 /* Assets.xcassets */,
				1E4FBABB265063730033FA6D /* IngredientsInformation.json */,
			);
			path = Assests;
			sourceTree = "<group>";
		};
		1E009A34264681A900D4B079 /* Storyboard */ = {
			isa = PBXGroup;
			children = (
				1E009A0C2646813C00D4B079 /* LaunchScreen.storyboard */,
				1E009A042646813B00D4B079 /* Main.storyboard */,
			);
			path = Storyboard;
			sourceTree = "<group>";
		};
		1E009A35264681B100D4B079 /* View Controllers */ = {
			isa = PBXGroup;
			children = (
				1EB63EF52659AA680081E691 /* RecipesSearchViewController */,
				1E1266BD2658501B006EF882 /* Extensions */,
				1E8216752651B72500DE0F9A /* RecipeDetailViewController */,
				1E894998264D139300EC0A22 /* RecipesHomeViewController */,
			);
			path = "View Controllers";
			sourceTree = "<group>";
		};
		1E009A362646827300D4B079 /* RecipesAPI */ = {
			isa = PBXGroup;
			children = (
				1E2BD361264D1C08000BD059 /* CoreData */,
				1E2BD360264D1BF4000BD059 /* Network */,
			);
			path = RecipesAPI;
			sourceTree = "<group>";
		};
		1E009A372646827E00D4B079 /* Responses */ = {
			isa = PBXGroup;
			children = (
				1E009A3D264684F400D4B079 /* RecipeData.swift */,
				1E009A412646875D00D4B079 /* IngredientData.swift */,
				1E009A4526468C0400D4B079 /* InstructionData.swift */,
				1E009A4D2646914700D4B079 /* RecipesData.swift */,
				1E2BD367264D2807000BD059 /* NutritionData.swift */,
			);
			path = Responses;
			sourceTree = "<group>";
		};
		1E009A38264682A100D4B079 /* Client */ = {
			isa = PBXGroup;
			children = (
				1E009A39264682BB00D4B079 /* RecipesClient.swift */,
				1E009A4926468FD000D4B079 /* URL+Extension.swift */,
			);
			path = Client;
			sourceTree = "<group>";
		};
		1E009A542646A14100D4B079 /* Stubs */ = {
			isa = PBXGroup;
			children = (
				1E1266B82658359F006EF882 /* Recipe Nutrition Results */,
				1EA62CA02646C2DA00706D3C /* Recipes  Search Results */,
			);
			path = Stubs;
			sourceTree = "<group>";
		};
		1E1266B82658359F006EF882 /* Recipe Nutrition Results */ = {
			isa = PBXGroup;
			children = (
				1E1266B9265835C0006EF882 /* RecipeNutritionResponse.json */,
			);
			path = "Recipe Nutrition Results";
			sourceTree = "<group>";
		};
		1E1266BD2658501B006EF882 /* Extensions */ = {
			isa = PBXGroup;
			children = (
				1E1266BE26585034006EF882 /* UIViewController+Extension.swift */,
				1E1266B62658067F006EF882 /* UIColor+Extension.swift */,
			);
			path = Extensions;
			sourceTree = "<group>";
		};
		1E2BD360264D1BF4000BD059 /* Network */ = {
			isa = PBXGroup;
			children = (
				1E009A372646827E00D4B079 /* Responses */,
				1E009A38264682A100D4B079 /* Client */,
			);
			path = Network;
			sourceTree = "<group>";
		};
		1E2BD361264D1C08000BD059 /* CoreData */ = {
			isa = PBXGroup;
			children = (
				1E2BD362264D1C73000BD059 /* DataController.swift */,
				1E2BD364264D1E9F000BD059 /* GreenRecipes.xcdatamodeld */,
			);
			path = CoreData;
			sourceTree = "<group>";
		};
		1E8216752651B72500DE0F9A /* RecipeDetailViewController */ = {
			isa = PBXGroup;
			children = (
				1E8216762651B74700DE0F9A /* RecipeDetailViewController.swift */,
				1EB63EF326599FC70081E691 /* RecipeDetailViewController+Extension.swift */,
			);
			path = RecipeDetailViewController;
			sourceTree = "<group>";
		};
		1E894998264D139300EC0A22 /* RecipesHomeViewController */ = {
			isa = PBXGroup;
			children = (
				1E009A022646813B00D4B079 /* RecipesHomeViewController.swift */,
				1E2BD373264DB185000BD059 /* RecipeWithDetailViewCell.swift */,
				1E2BD37C264E77B5000BD059 /* RecipesSectionTitleView.swift */,
				1E2BD380264E9C10000BD059 /* RecipesSectionBackgroundDecorationView.swift */,
				1E4FBAB7265054C90033FA6D /* RecipeWithTitleViewCell.swift */,
				1E4FBABF26506ABB0033FA6D /* IngredientsInformation.swift */,
			);
			path = RecipesHomeViewController;
			sourceTree = "<group>";
		};
		1EA62CA02646C2DA00706D3C /* Recipes  Search Results */ = {
			isa = PBXGroup;
			children = (
				1E009A532646999B00D4B079 /* RecipesRandomSearchResponseWithNullValues.json */,
				1EA62C9F2646C2A900706D3C /* RecipesRandomSearchResponse.json */,
				1EA62CA42646DFAF00706D3C /* RecipesRandomSearchResponseWithoutImage.json */,
				1E2BD384264F16F5000BD059 /* RecipesSearchResponse.json */,
				1E2BD388264FD3C1000BD059 /* RecipesSearchResponseHummus.json */,
				1E2BD38C264FD4A9000BD059 /* RecipesSearchResponseDessert.json */,
				1E2BD390264FD7E1000BD059 /* RecipesSearchResponseMainCourse.json */,
				1E2BD394264FD8F1000BD059 /* RecipesSearchResponseBreakfast.json */,
			);
			path = "Recipes  Search Results";
			sourceTree = "<group>";
		};
		1EB63EF52659AA680081E691 /* RecipesSearchViewController */ = {
			isa = PBXGroup;
			children = (
				1EB63EF62659AA830081E691 /* RecipesSearchViewController.swift */,
			);
			path = RecipesSearchViewController;
			sourceTree = "<group>";
		};
		6BED6AF8A073A60BA0920FFA /* Pods */ = {
			isa = PBXGroup;
			children = (
				02AA80CF6646792D1F13DB1D /* Pods-iOS-GreenRecipes.debug.xcconfig */,
				3953F7CCA51EC0BC0E0DF5B4 /* Pods-iOS-GreenRecipes.release.xcconfig */,
			);
			path = Pods;
			sourceTree = "<group>";
		};
		A94454129C7C7262680740EC /* Frameworks */ = {
			isa = PBXGroup;
			children = (
				AA783C469C9CF2342BF88F0B /* Pods_iOS_GreenRecipes.framework */,
			);
			name = Frameworks;
			sourceTree = "<group>";
		};
/* End PBXGroup section */

/* Begin PBXNativeTarget section */
		1E0099FA2646813B00D4B079 /* iOS-GreenRecipes */ = {
			isa = PBXNativeTarget;
			buildConfigurationList = 1E009A282646813D00D4B079 /* Build configuration list for PBXNativeTarget "iOS-GreenRecipes" */;
			buildPhases = (
				46CA94E88BB30CAD837D7B6F /* [CP] Check Pods Manifest.lock */,
				1E009A312646816200D4B079 /* ShellScript */,
				1E0099F72646813B00D4B079 /* Sources */,
				1E0099F82646813B00D4B079 /* Frameworks */,
				1E0099F92646813B00D4B079 /* Resources */,
				A6C976DEF157262F635D34F6 /* [CP] Embed Pods Frameworks */,
			);
			buildRules = (
			);
			dependencies = (
			);
			name = "iOS-GreenRecipes";
			productName = "iOS-GreenRecipes";
			productReference = 1E0099FB2646813B00D4B079 /* iOS-GreenRecipes.app */;
			productType = "com.apple.product-type.application";
		};
		1E009A132646813D00D4B079 /* iOS-GreenRecipesTests */ = {
			isa = PBXNativeTarget;
			buildConfigurationList = 1E009A2B2646813D00D4B079 /* Build configuration list for PBXNativeTarget "iOS-GreenRecipesTests" */;
			buildPhases = (
				1E009A102646813D00D4B079 /* Sources */,
				1E009A112646813D00D4B079 /* Frameworks */,
				1E009A122646813D00D4B079 /* Resources */,
			);
			buildRules = (
			);
			dependencies = (
				1E009A162646813D00D4B079 /* PBXTargetDependency */,
			);
			name = "iOS-GreenRecipesTests";
			productName = "iOS-GreenRecipesTests";
			productReference = 1E009A142646813D00D4B079 /* iOS-GreenRecipesTests.xctest */;
			productType = "com.apple.product-type.bundle.unit-test";
		};
		1E009A1E2646813D00D4B079 /* iOS-GreenRecipesUITests */ = {
			isa = PBXNativeTarget;
			buildConfigurationList = 1E009A2E2646813D00D4B079 /* Build configuration list for PBXNativeTarget "iOS-GreenRecipesUITests" */;
			buildPhases = (
				1E009A1B2646813D00D4B079 /* Sources */,
				1E009A1C2646813D00D4B079 /* Frameworks */,
				1E009A1D2646813D00D4B079 /* Resources */,
			);
			buildRules = (
			);
			dependencies = (
				1E009A212646813D00D4B079 /* PBXTargetDependency */,
			);
			name = "iOS-GreenRecipesUITests";
			productName = "iOS-GreenRecipesUITests";
			productReference = 1E009A1F2646813D00D4B079 /* iOS-GreenRecipesUITests.xctest */;
			productType = "com.apple.product-type.bundle.ui-testing";
		};
/* End PBXNativeTarget section */

/* Begin PBXProject section */
		1E0099F32646813B00D4B079 /* Project object */ = {
			isa = PBXProject;
			attributes = {
				LastSwiftUpdateCheck = 1250;
				LastUpgradeCheck = 1250;
				TargetAttributes = {
					1E0099FA2646813B00D4B079 = {
						CreatedOnToolsVersion = 12.5;
					};
					1E009A132646813D00D4B079 = {
						CreatedOnToolsVersion = 12.5;
						TestTargetID = 1E0099FA2646813B00D4B079;
					};
					1E009A1E2646813D00D4B079 = {
						CreatedOnToolsVersion = 12.5;
						TestTargetID = 1E0099FA2646813B00D4B079;
					};
				};
			};
			buildConfigurationList = 1E0099F62646813B00D4B079 /* Build configuration list for PBXProject "iOS-GreenRecipes" */;
			compatibilityVersion = "Xcode 9.3";
			developmentRegion = en;
			hasScannedForEncodings = 0;
			knownRegions = (
				en,
				Base,
			);
			mainGroup = 1E0099F22646813B00D4B079;
			productRefGroup = 1E0099FC2646813B00D4B079 /* Products */;
			projectDirPath = "";
			projectRoot = "";
			targets = (
				1E0099FA2646813B00D4B079 /* iOS-GreenRecipes */,
				1E009A132646813D00D4B079 /* iOS-GreenRecipesTests */,
				1E009A1E2646813D00D4B079 /* iOS-GreenRecipesUITests */,
			);
		};
/* End PBXProject section */

/* Begin PBXResourcesBuildPhase section */
		1E0099F92646813B00D4B079 /* Resources */ = {
			isa = PBXResourcesBuildPhase;
			buildActionMask = 2147483647;
			files = (
				1E2BD38D264FD4A9000BD059 /* RecipesSearchResponseDessert.json in Resources */,
				1E2BD378264DD29A000BD059 /* RecipesRandomSearchResponse.json in Resources */,
				1E2BD391264FD7E1000BD059 /* RecipesSearchResponseMainCourse.json in Resources */,
				1E2BD389264FD3C1000BD059 /* RecipesSearchResponseHummus.json in Resources */,
				1E2BD386264F170B000BD059 /* RecipesSearchResponse.json in Resources */,
				1E009A0E2646813C00D4B079 /* LaunchScreen.storyboard in Resources */,
				1E009A0B2646813C00D4B079 /* Assets.xcassets in Resources */,
				1E4FBABC265063730033FA6D /* IngredientsInformation.json in Resources */,
				1E2BD377264DCF0E000BD059 /* RecipesRandomSearchResponseWithNullValues.json in Resources */,
				1E2BD395264FD8F1000BD059 /* RecipesSearchResponseBreakfast.json in Resources */,
				1E1266BA265835C0006EF882 /* RecipeNutritionResponse.json in Resources */,
				1E2BD379264DD2A0000BD059 /* RecipesRandomSearchResponseWithoutImage.json in Resources */,
				1E009A062646813B00D4B079 /* Main.storyboard in Resources */,
			);
			runOnlyForDeploymentPostprocessing = 0;
		};
		1E009A122646813D00D4B079 /* Resources */ = {
			isa = PBXResourcesBuildPhase;
			buildActionMask = 2147483647;
			files = (
				1E2BD392264FD7E1000BD059 /* RecipesSearchResponseMainCourse.json in Resources */,
				1E2BD396264FD8F1000BD059 /* RecipesSearchResponseBreakfast.json in Resources */,
				1EA62CA12646C3A200706D3C /* RecipesRandomSearchResponse.json in Resources */,
				1E2BD38A264FD3C1000BD059 /* RecipesSearchResponseHummus.json in Resources */,
				1E009A562646A4DB00D4B079 /* RecipesRandomSearchResponseWithNullValues.json in Resources */,
				1E2BD37A264DD332000BD059 /* Assets.xcassets in Resources */,
				1E2BD385264F170B000BD059 /* RecipesSearchResponse.json in Resources */,
				1EA62CA52646DFAF00706D3C /* RecipesRandomSearchResponseWithoutImage.json in Resources */,
				1E1266BB265835C0006EF882 /* RecipeNutritionResponse.json in Resources */,
				1E2BD38E264FD4A9000BD059 /* RecipesSearchResponseDessert.json in Resources */,
				1E4FBABD265063730033FA6D /* IngredientsInformation.json in Resources */,
			);
			runOnlyForDeploymentPostprocessing = 0;
		};
		1E009A1D2646813D00D4B079 /* Resources */ = {
			isa = PBXResourcesBuildPhase;
			buildActionMask = 2147483647;
			files = (
				1E2BD387264F170C000BD059 /* RecipesSearchResponse.json in Resources */,
				1E2BD38F264FD4A9000BD059 /* RecipesSearchResponseDessert.json in Resources */,
				1E2BD393264FD7E1000BD059 /* RecipesSearchResponseMainCourse.json in Resources */,
				1E2BD38B264FD3C1000BD059 /* RecipesSearchResponseHummus.json in Resources */,
				1E2BD397264FD8F1000BD059 /* RecipesSearchResponseBreakfast.json in Resources */,
				1E2BD37B264DD333000BD059 /* Assets.xcassets in Resources */,
				1E4FBABE265063730033FA6D /* IngredientsInformation.json in Resources */,
				1E1266BC265835C0006EF882 /* RecipeNutritionResponse.json in Resources */,
			);
			runOnlyForDeploymentPostprocessing = 0;
		};
/* End PBXResourcesBuildPhase section */

/* Begin PBXShellScriptBuildPhase section */
		1E009A312646816200D4B079 /* ShellScript */ = {
			isa = PBXShellScriptBuildPhase;
			buildActionMask = 2147483647;
			files = (
			);
			inputFileListPaths = (
			);
			inputPaths = (
			);
			outputFileListPaths = (
			);
			outputPaths = (
			);
			runOnlyForDeploymentPostprocessing = 0;
			shellPath = /bin/sh;
			shellScript = "if [ -f ~/com.raywenderlich.swiftlint.yml ]; then\n  if which swiftlint >/dev/null; then\n    swiftlint --no-cache --config ~/com.raywenderlich.swiftlint.yml\n  fi\nfi\n";
		};
		46CA94E88BB30CAD837D7B6F /* [CP] Check Pods Manifest.lock */ = {
			isa = PBXShellScriptBuildPhase;
			buildActionMask = 2147483647;
			files = (
			);
			inputFileListPaths = (
			);
			inputPaths = (
				"${PODS_PODFILE_DIR_PATH}/Podfile.lock",
				"${PODS_ROOT}/Manifest.lock",
			);
			name = "[CP] Check Pods Manifest.lock";
			outputFileListPaths = (
			);
			outputPaths = (
				"$(DERIVED_FILE_DIR)/Pods-iOS-GreenRecipes-checkManifestLockResult.txt",
			);
			runOnlyForDeploymentPostprocessing = 0;
			shellPath = /bin/sh;
			shellScript = "diff \"${PODS_PODFILE_DIR_PATH}/Podfile.lock\" \"${PODS_ROOT}/Manifest.lock\" > /dev/null\nif [ $? != 0 ] ; then\n    # print error to STDERR\n    echo \"error: The sandbox is not in sync with the Podfile.lock. Run 'pod install' or update your CocoaPods installation.\" >&2\n    exit 1\nfi\n# This output is used by Xcode 'outputs' to avoid re-running this script phase.\necho \"SUCCESS\" > \"${SCRIPT_OUTPUT_FILE_0}\"\n";
			showEnvVarsInLog = 0;
		};
		A6C976DEF157262F635D34F6 /* [CP] Embed Pods Frameworks */ = {
			isa = PBXShellScriptBuildPhase;
			buildActionMask = 2147483647;
			files = (
			);
			inputFileListPaths = (
				"${PODS_ROOT}/Target Support Files/Pods-iOS-GreenRecipes/Pods-iOS-GreenRecipes-frameworks-${CONFIGURATION}-input-files.xcfilelist",
			);
			name = "[CP] Embed Pods Frameworks";
			outputFileListPaths = (
				"${PODS_ROOT}/Target Support Files/Pods-iOS-GreenRecipes/Pods-iOS-GreenRecipes-frameworks-${CONFIGURATION}-output-files.xcfilelist",
			);
			runOnlyForDeploymentPostprocessing = 0;
			shellPath = /bin/sh;
			shellScript = "\"${PODS_ROOT}/Target Support Files/Pods-iOS-GreenRecipes/Pods-iOS-GreenRecipes-frameworks.sh\"\n";
			showEnvVarsInLog = 0;
		};
/* End PBXShellScriptBuildPhase section */

/* Begin PBXSourcesBuildPhase section */
		1E0099F72646813B00D4B079 /* Sources */ = {
			isa = PBXSourcesBuildPhase;
			buildActionMask = 2147483647;
			files = (
				1E2BD366264D1E9F000BD059 /* GreenRecipes.xcdatamodeld in Sources */,
				1E1266B72658067F006EF882 /* UIColor+Extension.swift in Sources */,
				1E009A032646813B00D4B079 /* RecipesHomeViewController.swift in Sources */,
				1E0099FF2646813B00D4B079 /* AppDelegate.swift in Sources */,
				1E009A4626468C0400D4B079 /* InstructionData.swift in Sources */,
				1E2BD374264DB185000BD059 /* RecipeWithDetailViewCell.swift in Sources */,
				1E8216772651B74700DE0F9A /* RecipeDetailViewController.swift in Sources */,
				1E009A422646875D00D4B079 /* IngredientData.swift in Sources */,
				1E1266BF26585034006EF882 /* UIViewController+Extension.swift in Sources */,
				1E009A012646813B00D4B079 /* SceneDelegate.swift in Sources */,
				1EB63EF426599FC70081E691 /* RecipeDetailViewController+Extension.swift in Sources */,
				1E2BD363264D1C73000BD059 /* DataController.swift in Sources */,
				1E009A4E2646914700D4B079 /* RecipesData.swift in Sources */,
				1E4FBAC026506ABB0033FA6D /* IngredientsInformation.swift in Sources */,
				1E4FBAB8265054C90033FA6D /* RecipeWithTitleViewCell.swift in Sources */,
				1E2BD368264D2807000BD059 /* NutritionData.swift in Sources */,
				1E2BD381264E9C10000BD059 /* RecipesSectionBackgroundDecorationView.swift in Sources */,
				1E2BD37D264E77B5000BD059 /* RecipesSectionTitleView.swift in Sources */,
				1E009A4A26468FD100D4B079 /* URL+Extension.swift in Sources */,
				1E009A3E264684F400D4B079 /* RecipeData.swift in Sources */,
				1EB63EF72659AA830081E691 /* RecipesSearchViewController.swift in Sources */,
				1E009A3A264682BB00D4B079 /* RecipesClient.swift in Sources */,
			);
			runOnlyForDeploymentPostprocessing = 0;
		};
		1E009A102646813D00D4B079 /* Sources */ = {
			isa = PBXSourcesBuildPhase;
			buildActionMask = 2147483647;
			files = (
				1E1266C026585034006EF882 /* UIViewController+Extension.swift in Sources */,
				1E2BD375264DB185000BD059 /* RecipeWithDetailViewCell.swift in Sources */,
				1E4FBAB9265054C90033FA6D /* RecipeWithTitleViewCell.swift in Sources */,
				1E2BD37E264E77B5000BD059 /* RecipesSectionTitleView.swift in Sources */,
				1E1266C1265852E8006EF882 /* UIColor+Extension.swift in Sources */,
				1E009A432646875D00D4B079 /* IngredientData.swift in Sources */,
				1E894999264D1AFE00EC0A22 /* RecipesData.swift in Sources */,
				1E009A4726468C0400D4B079 /* InstructionData.swift in Sources */,
				1E009A3F264684F400D4B079 /* RecipeData.swift in Sources */,
				1E4FBAC126506ABB0033FA6D /* IngredientsInformation.swift in Sources */,
				1E2BD369264D2807000BD059 /* NutritionData.swift in Sources */,
				1EA62C9E2646C0E100706D3C /* XCTestCase+Extension.swift in Sources */,
				1EA62CA32646C42D00706D3C /* RecipesClientTests.swift in Sources */,
				1E2BD382264E9C10000BD059 /* RecipesSectionBackgroundDecorationView.swift in Sources */,
				1E009A3B264682BB00D4B079 /* RecipesClient.swift in Sources */,
				1E009A52264692B500D4B079 /* RecipesResponseTest.swift in Sources */,
				1E009A4B26468FD100D4B079 /* URL+Extension.swift in Sources */,
			);
			runOnlyForDeploymentPostprocessing = 0;
		};
		1E009A1B2646813D00D4B079 /* Sources */ = {
			isa = PBXSourcesBuildPhase;
			buildActionMask = 2147483647;
			files = (
				1E2BD37F264E77B5000BD059 /* RecipesSectionTitleView.swift in Sources */,
				1E009A442646875D00D4B079 /* IngredientData.swift in Sources */,
				1E4FBAC226506ABB0033FA6D /* IngredientsInformation.swift in Sources */,
				1E009A4826468C0400D4B079 /* InstructionData.swift in Sources */,
				1E2BD376264DB185000BD059 /* RecipeWithDetailViewCell.swift in Sources */,
				1E009A502646914700D4B079 /* RecipesData.swift in Sources */,
				1E009A40264684F400D4B079 /* RecipeData.swift in Sources */,
				1E2BD36A264D2807000BD059 /* NutritionData.swift in Sources */,
				1E009A3C264682BB00D4B079 /* RecipesClient.swift in Sources */,
				1E009A242646813D00D4B079 /* iOS_GreenRecipesUITests.swift in Sources */,
				1E4FBABA265054C90033FA6D /* RecipeWithTitleViewCell.swift in Sources */,
				1E2BD383264E9C10000BD059 /* RecipesSectionBackgroundDecorationView.swift in Sources */,
				1E009A4C26468FD100D4B079 /* URL+Extension.swift in Sources */,
			);
			runOnlyForDeploymentPostprocessing = 0;
		};
/* End PBXSourcesBuildPhase section */

/* Begin PBXTargetDependency section */
		1E009A162646813D00D4B079 /* PBXTargetDependency */ = {
			isa = PBXTargetDependency;
			target = 1E0099FA2646813B00D4B079 /* iOS-GreenRecipes */;
			targetProxy = 1E009A152646813D00D4B079 /* PBXContainerItemProxy */;
		};
		1E009A212646813D00D4B079 /* PBXTargetDependency */ = {
			isa = PBXTargetDependency;
			target = 1E0099FA2646813B00D4B079 /* iOS-GreenRecipes */;
			targetProxy = 1E009A202646813D00D4B079 /* PBXContainerItemProxy */;
		};
/* End PBXTargetDependency section */

/* Begin PBXVariantGroup section */
		1E009A042646813B00D4B079 /* Main.storyboard */ = {
			isa = PBXVariantGroup;
			children = (
				1E009A052646813B00D4B079 /* Base */,
			);
			name = Main.storyboard;
			sourceTree = "<group>";
		};
		1E009A0C2646813C00D4B079 /* LaunchScreen.storyboard */ = {
			isa = PBXVariantGroup;
			children = (
				1E009A0D2646813C00D4B079 /* Base */,
			);
			name = LaunchScreen.storyboard;
			sourceTree = "<group>";
		};
/* End PBXVariantGroup section */

/* Begin XCBuildConfiguration section */
		1E009A262646813D00D4B079 /* Debug */ = {
			isa = XCBuildConfiguration;
			buildSettings = {
				ALWAYS_SEARCH_USER_PATHS = NO;
				CLANG_ANALYZER_NONNULL = YES;
				CLANG_ANALYZER_NUMBER_OBJECT_CONVERSION = YES_AGGRESSIVE;
				CLANG_CXX_LANGUAGE_STANDARD = "gnu++14";
				CLANG_CXX_LIBRARY = "libc++";
				CLANG_ENABLE_MODULES = YES;
				CLANG_ENABLE_OBJC_ARC = YES;
				CLANG_ENABLE_OBJC_WEAK = YES;
				CLANG_WARN_BLOCK_CAPTURE_AUTORELEASING = YES;
				CLANG_WARN_BOOL_CONVERSION = YES;
				CLANG_WARN_COMMA = YES;
				CLANG_WARN_CONSTANT_CONVERSION = YES;
				CLANG_WARN_DEPRECATED_OBJC_IMPLEMENTATIONS = YES;
				CLANG_WARN_DIRECT_OBJC_ISA_USAGE = YES_ERROR;
				CLANG_WARN_DOCUMENTATION_COMMENTS = YES;
				CLANG_WARN_EMPTY_BODY = YES;
				CLANG_WARN_ENUM_CONVERSION = YES;
				CLANG_WARN_INFINITE_RECURSION = YES;
				CLANG_WARN_INT_CONVERSION = YES;
				CLANG_WARN_NON_LITERAL_NULL_CONVERSION = YES;
				CLANG_WARN_OBJC_IMPLICIT_RETAIN_SELF = YES;
				CLANG_WARN_OBJC_LITERAL_CONVERSION = YES;
				CLANG_WARN_OBJC_ROOT_CLASS = YES_ERROR;
				CLANG_WARN_QUOTED_INCLUDE_IN_FRAMEWORK_HEADER = YES;
				CLANG_WARN_RANGE_LOOP_ANALYSIS = YES;
				CLANG_WARN_STRICT_PROTOTYPES = YES;
				CLANG_WARN_SUSPICIOUS_MOVE = YES;
				CLANG_WARN_UNGUARDED_AVAILABILITY = YES_AGGRESSIVE;
				CLANG_WARN_UNREACHABLE_CODE = YES;
				CLANG_WARN__DUPLICATE_METHOD_MATCH = YES;
				COPY_PHASE_STRIP = NO;
				DEBUG_INFORMATION_FORMAT = dwarf;
				ENABLE_STRICT_OBJC_MSGSEND = YES;
				ENABLE_TESTABILITY = YES;
				GCC_C_LANGUAGE_STANDARD = gnu11;
				GCC_DYNAMIC_NO_PIC = NO;
				GCC_NO_COMMON_BLOCKS = YES;
				GCC_OPTIMIZATION_LEVEL = 0;
				GCC_PREPROCESSOR_DEFINITIONS = (
					"DEBUG=1",
					"$(inherited)",
				);
				GCC_WARN_64_TO_32_BIT_CONVERSION = YES;
				GCC_WARN_ABOUT_RETURN_TYPE = YES_ERROR;
				GCC_WARN_UNDECLARED_SELECTOR = YES;
				GCC_WARN_UNINITIALIZED_AUTOS = YES_AGGRESSIVE;
				GCC_WARN_UNUSED_FUNCTION = YES;
				GCC_WARN_UNUSED_VARIABLE = YES;
				IPHONEOS_DEPLOYMENT_TARGET = 14.3;
				MTL_ENABLE_DEBUG_INFO = INCLUDE_SOURCE;
				MTL_FAST_MATH = YES;
				ONLY_ACTIVE_ARCH = YES;
				SDKROOT = iphoneos;
				SWIFT_ACTIVE_COMPILATION_CONDITIONS = DEBUG;
				SWIFT_OPTIMIZATION_LEVEL = "-Onone";
			};
			name = Debug;
		};
		1E009A272646813D00D4B079 /* Release */ = {
			isa = XCBuildConfiguration;
			buildSettings = {
				ALWAYS_SEARCH_USER_PATHS = NO;
				CLANG_ANALYZER_NONNULL = YES;
				CLANG_ANALYZER_NUMBER_OBJECT_CONVERSION = YES_AGGRESSIVE;
				CLANG_CXX_LANGUAGE_STANDARD = "gnu++14";
				CLANG_CXX_LIBRARY = "libc++";
				CLANG_ENABLE_MODULES = YES;
				CLANG_ENABLE_OBJC_ARC = YES;
				CLANG_ENABLE_OBJC_WEAK = YES;
				CLANG_WARN_BLOCK_CAPTURE_AUTORELEASING = YES;
				CLANG_WARN_BOOL_CONVERSION = YES;
				CLANG_WARN_COMMA = YES;
				CLANG_WARN_CONSTANT_CONVERSION = YES;
				CLANG_WARN_DEPRECATED_OBJC_IMPLEMENTATIONS = YES;
				CLANG_WARN_DIRECT_OBJC_ISA_USAGE = YES_ERROR;
				CLANG_WARN_DOCUMENTATION_COMMENTS = YES;
				CLANG_WARN_EMPTY_BODY = YES;
				CLANG_WARN_ENUM_CONVERSION = YES;
				CLANG_WARN_INFINITE_RECURSION = YES;
				CLANG_WARN_INT_CONVERSION = YES;
				CLANG_WARN_NON_LITERAL_NULL_CONVERSION = YES;
				CLANG_WARN_OBJC_IMPLICIT_RETAIN_SELF = YES;
				CLANG_WARN_OBJC_LITERAL_CONVERSION = YES;
				CLANG_WARN_OBJC_ROOT_CLASS = YES_ERROR;
				CLANG_WARN_QUOTED_INCLUDE_IN_FRAMEWORK_HEADER = YES;
				CLANG_WARN_RANGE_LOOP_ANALYSIS = YES;
				CLANG_WARN_STRICT_PROTOTYPES = YES;
				CLANG_WARN_SUSPICIOUS_MOVE = YES;
				CLANG_WARN_UNGUARDED_AVAILABILITY = YES_AGGRESSIVE;
				CLANG_WARN_UNREACHABLE_CODE = YES;
				CLANG_WARN__DUPLICATE_METHOD_MATCH = YES;
				COPY_PHASE_STRIP = NO;
				DEBUG_INFORMATION_FORMAT = "dwarf-with-dsym";
				ENABLE_NS_ASSERTIONS = NO;
				ENABLE_STRICT_OBJC_MSGSEND = YES;
				GCC_C_LANGUAGE_STANDARD = gnu11;
				GCC_NO_COMMON_BLOCKS = YES;
				GCC_WARN_64_TO_32_BIT_CONVERSION = YES;
				GCC_WARN_ABOUT_RETURN_TYPE = YES_ERROR;
				GCC_WARN_UNDECLARED_SELECTOR = YES;
				GCC_WARN_UNINITIALIZED_AUTOS = YES_AGGRESSIVE;
				GCC_WARN_UNUSED_FUNCTION = YES;
				GCC_WARN_UNUSED_VARIABLE = YES;
				IPHONEOS_DEPLOYMENT_TARGET = 14.3;
				MTL_ENABLE_DEBUG_INFO = NO;
				MTL_FAST_MATH = YES;
				SDKROOT = iphoneos;
				SWIFT_COMPILATION_MODE = wholemodule;
				SWIFT_OPTIMIZATION_LEVEL = "-O";
				VALIDATE_PRODUCT = YES;
			};
			name = Release;
		};
		1E009A292646813D00D4B079 /* Debug */ = {
			isa = XCBuildConfiguration;
			baseConfigurationReference = 02AA80CF6646792D1F13DB1D /* Pods-iOS-GreenRecipes.debug.xcconfig */;
			buildSettings = {
				ASSETCATALOG_COMPILER_APPICON_NAME = AppIcon;
				ASSETCATALOG_COMPILER_GLOBAL_ACCENT_COLOR_NAME = AccentColor;
				CODE_SIGN_STYLE = Automatic;
				DEVELOPMENT_TEAM = 5GB4T55AFE;
				INFOPLIST_FILE = "iOS-GreenRecipes/Info.plist";
				LD_RUNPATH_SEARCH_PATHS = (
					"$(inherited)",
					"@executable_path/Frameworks",
				);
				PRODUCT_BUNDLE_IDENTIFIER = "com.edu.iOS-GreenRecipes";
				PRODUCT_NAME = "$(TARGET_NAME)";
				SWIFT_VERSION = 5.0;
				TARGETED_DEVICE_FAMILY = "1,2";
			};
			name = Debug;
		};
		1E009A2A2646813D00D4B079 /* Release */ = {
			isa = XCBuildConfiguration;
			baseConfigurationReference = 3953F7CCA51EC0BC0E0DF5B4 /* Pods-iOS-GreenRecipes.release.xcconfig */;
			buildSettings = {
				ASSETCATALOG_COMPILER_APPICON_NAME = AppIcon;
				ASSETCATALOG_COMPILER_GLOBAL_ACCENT_COLOR_NAME = AccentColor;
				CODE_SIGN_STYLE = Automatic;
				DEVELOPMENT_TEAM = 5GB4T55AFE;
				INFOPLIST_FILE = "iOS-GreenRecipes/Info.plist";
				LD_RUNPATH_SEARCH_PATHS = (
					"$(inherited)",
					"@executable_path/Frameworks",
				);
				PRODUCT_BUNDLE_IDENTIFIER = "com.edu.iOS-GreenRecipes";
				PRODUCT_NAME = "$(TARGET_NAME)";
				SWIFT_VERSION = 5.0;
				TARGETED_DEVICE_FAMILY = "1,2";
			};
			name = Release;
		};
		1E009A2C2646813D00D4B079 /* Debug */ = {
			isa = XCBuildConfiguration;
			buildSettings = {
				ALWAYS_EMBED_SWIFT_STANDARD_LIBRARIES = YES;
				BUNDLE_LOADER = "$(TEST_HOST)";
				CODE_SIGN_STYLE = Automatic;
				DEVELOPMENT_TEAM = 5GB4T55AFE;
				INFOPLIST_FILE = "iOS-GreenRecipesTests/Info.plist";
				IPHONEOS_DEPLOYMENT_TARGET = 14.5;
				LD_RUNPATH_SEARCH_PATHS = (
					"$(inherited)",
					"@executable_path/Frameworks",
					"@loader_path/Frameworks",
				);
				PRODUCT_BUNDLE_IDENTIFIER = "com.edu.iOS-GreenRecipesTests";
				PRODUCT_NAME = "$(TARGET_NAME)";
				SWIFT_VERSION = 5.0;
				TARGETED_DEVICE_FAMILY = "1,2";
				TEST_HOST = "$(BUILT_PRODUCTS_DIR)/iOS-GreenRecipes.app/iOS-GreenRecipes";
			};
			name = Debug;
		};
		1E009A2D2646813D00D4B079 /* Release */ = {
			isa = XCBuildConfiguration;
			buildSettings = {
				ALWAYS_EMBED_SWIFT_STANDARD_LIBRARIES = YES;
				BUNDLE_LOADER = "$(TEST_HOST)";
				CODE_SIGN_STYLE = Automatic;
				DEVELOPMENT_TEAM = 5GB4T55AFE;
				INFOPLIST_FILE = "iOS-GreenRecipesTests/Info.plist";
				IPHONEOS_DEPLOYMENT_TARGET = 14.5;
				LD_RUNPATH_SEARCH_PATHS = (
					"$(inherited)",
					"@executable_path/Frameworks",
					"@loader_path/Frameworks",
				);
				PRODUCT_BUNDLE_IDENTIFIER = "com.edu.iOS-GreenRecipesTests";
				PRODUCT_NAME = "$(TARGET_NAME)";
				SWIFT_VERSION = 5.0;
				TARGETED_DEVICE_FAMILY = "1,2";
				TEST_HOST = "$(BUILT_PRODUCTS_DIR)/iOS-GreenRecipes.app/iOS-GreenRecipes";
			};
			name = Release;
		};
		1E009A2F2646813D00D4B079 /* Debug */ = {
			isa = XCBuildConfiguration;
			buildSettings = {
				ALWAYS_EMBED_SWIFT_STANDARD_LIBRARIES = YES;
				CODE_SIGN_STYLE = Automatic;
				DEVELOPMENT_TEAM = 5GB4T55AFE;
				INFOPLIST_FILE = "iOS-GreenRecipesUITests/Info.plist";
				LD_RUNPATH_SEARCH_PATHS = (
					"$(inherited)",
					"@executable_path/Frameworks",
					"@loader_path/Frameworks",
				);
				PRODUCT_BUNDLE_IDENTIFIER = "com.edu.iOS-GreenRecipesUITests";
				PRODUCT_NAME = "$(TARGET_NAME)";
				SWIFT_VERSION = 5.0;
				TARGETED_DEVICE_FAMILY = "1,2";
				TEST_TARGET_NAME = "iOS-GreenRecipes";
			};
			name = Debug;
		};
		1E009A302646813D00D4B079 /* Release */ = {
			isa = XCBuildConfiguration;
			buildSettings = {
				ALWAYS_EMBED_SWIFT_STANDARD_LIBRARIES = YES;
				CODE_SIGN_STYLE = Automatic;
				DEVELOPMENT_TEAM = 5GB4T55AFE;
				INFOPLIST_FILE = "iOS-GreenRecipesUITests/Info.plist";
				LD_RUNPATH_SEARCH_PATHS = (
					"$(inherited)",
					"@executable_path/Frameworks",
					"@loader_path/Frameworks",
				);
				PRODUCT_BUNDLE_IDENTIFIER = "com.edu.iOS-GreenRecipesUITests";
				PRODUCT_NAME = "$(TARGET_NAME)";
				SWIFT_VERSION = 5.0;
				TARGETED_DEVICE_FAMILY = "1,2";
				TEST_TARGET_NAME = "iOS-GreenRecipes";
			};
			name = Release;
		};
/* End XCBuildConfiguration section */

/* Begin XCConfigurationList section */
		1E0099F62646813B00D4B079 /* Build configuration list for PBXProject "iOS-GreenRecipes" */ = {
			isa = XCConfigurationList;
			buildConfigurations = (
				1E009A262646813D00D4B079 /* Debug */,
				1E009A272646813D00D4B079 /* Release */,
			);
			defaultConfigurationIsVisible = 0;
			defaultConfigurationName = Release;
		};
		1E009A282646813D00D4B079 /* Build configuration list for PBXNativeTarget "iOS-GreenRecipes" */ = {
			isa = XCConfigurationList;
			buildConfigurations = (
				1E009A292646813D00D4B079 /* Debug */,
				1E009A2A2646813D00D4B079 /* Release */,
			);
			defaultConfigurationIsVisible = 0;
			defaultConfigurationName = Release;
		};
		1E009A2B2646813D00D4B079 /* Build configuration list for PBXNativeTarget "iOS-GreenRecipesTests" */ = {
			isa = XCConfigurationList;
			buildConfigurations = (
				1E009A2C2646813D00D4B079 /* Debug */,
				1E009A2D2646813D00D4B079 /* Release */,
			);
			defaultConfigurationIsVisible = 0;
			defaultConfigurationName = Release;
		};
		1E009A2E2646813D00D4B079 /* Build configuration list for PBXNativeTarget "iOS-GreenRecipesUITests" */ = {
			isa = XCConfigurationList;
			buildConfigurations = (
				1E009A2F2646813D00D4B079 /* Debug */,
				1E009A302646813D00D4B079 /* Release */,
			);
			defaultConfigurationIsVisible = 0;
			defaultConfigurationName = Release;
		};
/* End XCConfigurationList section */

/* Begin XCVersionGroup section */
		1E2BD364264D1E9F000BD059 /* GreenRecipes.xcdatamodeld */ = {
			isa = XCVersionGroup;
			children = (
				1E2BD365264D1E9F000BD059 /* GreenRecipes.xcdatamodel */,
			);
			currentVersion = 1E2BD365264D1E9F000BD059 /* GreenRecipes.xcdatamodel */;
			path = GreenRecipes.xcdatamodeld;
			sourceTree = "<group>";
			versionGroupType = wrapper.xcdatamodel;
		};
/* End XCVersionGroup section */
	};
	rootObject = 1E0099F32646813B00D4B079 /* Project object */;
}
